
Microsoft Visual Studio Solution File, Format Version 12.00
# Visual Studio Version 17
VisualStudioVersion = 17.4.33205.214
MinimumVisualStudioVersion = 10.0.40219.1
Project("{9A19103F-16F7-4668-BE54-9A1E7A4F7556}") = "University", "University.csproj", "{5FEDCFFE-7DD1-4692-A2F1-A4BE45AF8CE9}"
EndProject
Project("{FAE04EC0-301F-11D3-BF4B-00C04F79EFBC}") = "Building_LINQ", "..\Building_LINQ\Building_LINQ.csproj", "{CA4ABC29-A45A-4B8C-BFFE-D1652F5FE3A6}"
EndProject
Global
	GlobalSection(SolutionConfigurationPlatforms) = preSolution
		Debug|Any CPU = Debug|Any CPU
		Release|Any CPU = Release|Any CPU
	EndGlobalSection
	GlobalSection(ProjectConfigurationPlatforms) = postSolution
		{5FEDCFFE-7DD1-4692-A2F1-A4BE45AF8CE9}.Debug|Any CPU.ActiveCfg = Debug|Any CPU
		{5FEDCFFE-7DD1-4692-A2F1-A4BE45AF8CE9}.Debug|Any CPU.Build.0 = Debug|Any CPU
		{5FEDCFFE-7DD1-4692-A2F1-A4BE45AF8CE9}.Release|Any CPU.ActiveCfg = Release|Any CPU
		{5FEDCFFE-7DD1-4692-A2F1-A4BE45AF8CE9}.Release|Any CPU.Build.0 = Release|Any CPU
		{CA4ABC29-A45A-4B8C-BFFE-D1652F5FE3A6}.Debug|Any CPU.ActiveCfg = Debug|Any CPU
		{CA4ABC29-A45A-4B8C-BFFE-D1652F5FE3A6}.Debug|Any CPU.Build.0 = Debug|Any CPU
		{CA4ABC29-A45A-4B8C-BFFE-D1652F5FE3A6}.Release|Any CPU.ActiveCfg = Release|Any CPU
		{CA4ABC29-A45A-4B8C-BFFE-D1652F5FE3A6}.Release|Any CPU.Build.0 = Release|Any CPU
	EndGlobalSection
	GlobalSection(SolutionProperties) = preSolution
		HideSolutionNode = FALSE
	EndGlobalSection
	GlobalSection(ExtensibilityGlobals) = postSolution
		SolutionGuid = {FFB0FAAC-0FE1-4AB5-9247-AF9E26AEE2A5}
	EndGlobalSection
EndGlobal
